
Microsoft Visual Studio Solution File, Format Version 12.00
# Visual Studio Version 17
VisualStudioVersion = 17.10.34607.79
MinimumVisualStudioVersion = 10.0.40219.1
Project("{FAE04EC0-301F-11D3-BF4B-00C04F79EFBC}") = "FitFriends.Application", "FitFriends.Application\FitFriends.Application.csproj", "{8092CCD0-81EB-46B1-880E-6621077D9F61}"
EndProject
Project("{FAE04EC0-301F-11D3-BF4B-00C04F79EFBC}") = "FitFriends.Infrastructure", "FitFriends.Infrastructure\FitFriends.Infrastructure.csproj", "{D7E14299-D18D-41F7-A2D5-EF3B71167AA4}"
EndProject
Project("{FAE04EC0-301F-11D3-BF4B-00C04F79EFBC}") = "FitFriends.Logic", "FitFriends.Logic\FitFriends.Logic.csproj", "{84B8A4CC-DC9F-4416-B643-3AD2E14D7065}"
EndProject
Project("{FAE04EC0-301F-11D3-BF4B-00C04F79EFBC}") = "FitFriends.Persistence", "FitFriends.Persistence\FitFriends.Persistence.csproj", "{88E92EB5-13B6-4E3A-9A30-5CB19347845C}"
EndProject
Project("{FAE04EC0-301F-11D3-BF4B-00C04F79EFBC}") = "FitFriends.API", "FitFriends.API\FitFriends.API.csproj", "{23E47396-2F07-4D5B-A98D-D415B1554586}"
EndProject
Global
	GlobalSection(SolutionConfigurationPlatforms) = preSolution
		Debug|Any CPU = Debug|Any CPU
		Release|Any CPU = Release|Any CPU
	EndGlobalSection
	GlobalSection(ProjectConfigurationPlatforms) = postSolution
		{8092CCD0-81EB-46B1-880E-6621077D9F61}.Debug|Any CPU.ActiveCfg = Debug|Any CPU
		{8092CCD0-81EB-46B1-880E-6621077D9F61}.Debug|Any CPU.Build.0 = Debug|Any CPU
		{8092CCD0-81EB-46B1-880E-6621077D9F61}.Release|Any CPU.ActiveCfg = Release|Any CPU
		{8092CCD0-81EB-46B1-880E-6621077D9F61}.Release|Any CPU.Build.0 = Release|Any CPU
		{D7E14299-D18D-41F7-A2D5-EF3B71167AA4}.Debug|Any CPU.ActiveCfg = Debug|Any CPU
		{D7E14299-D18D-41F7-A2D5-EF3B71167AA4}.Debug|Any CPU.Build.0 = Debug|Any CPU
		{D7E14299-D18D-41F7-A2D5-EF3B71167AA4}.Release|Any CPU.ActiveCfg = Release|Any CPU
		{D7E14299-D18D-41F7-A2D5-EF3B71167AA4}.Release|Any CPU.Build.0 = Release|Any CPU
		{84B8A4CC-DC9F-4416-B643-3AD2E14D7065}.Debug|Any CPU.ActiveCfg = Debug|Any CPU
		{84B8A4CC-DC9F-4416-B643-3AD2E14D7065}.Debug|Any CPU.Build.0 = Debug|Any CPU
		{84B8A4CC-DC9F-4416-B643-3AD2E14D7065}.Release|Any CPU.ActiveCfg = Release|Any CPU
		{84B8A4CC-DC9F-4416-B643-3AD2E14D7065}.Release|Any CPU.Build.0 = Release|Any CPU
		{88E92EB5-13B6-4E3A-9A30-5CB19347845C}.Debug|Any CPU.ActiveCfg = Debug|Any CPU
		{88E92EB5-13B6-4E3A-9A30-5CB19347845C}.Debug|Any CPU.Build.0 = Debug|Any CPU
		{88E92EB5-13B6-4E3A-9A30-5CB19347845C}.Release|Any CPU.ActiveCfg = Release|Any CPU
		{88E92EB5-13B6-4E3A-9A30-5CB19347845C}.Release|Any CPU.Build.0 = Release|Any CPU
		{23E47396-2F07-4D5B-A98D-D415B1554586}.Debug|Any CPU.ActiveCfg = Debug|Any CPU
		{23E47396-2F07-4D5B-A98D-D415B1554586}.Debug|Any CPU.Build.0 = Debug|Any CPU
		{23E47396-2F07-4D5B-A98D-D415B1554586}.Release|Any CPU.ActiveCfg = Release|Any CPU
		{23E47396-2F07-4D5B-A98D-D415B1554586}.Release|Any CPU.Build.0 = Release|Any CPU
	EndGlobalSection
	GlobalSection(SolutionProperties) = preSolution
		HideSolutionNode = FALSE
	EndGlobalSection
	GlobalSection(ExtensibilityGlobals) = postSolution
		SolutionGuid = {A50C6397-1DA4-424F-BD07-C512ADBBC5E7}
	EndGlobalSection
EndGlobal
